github.com/wowchemy/wowchemy-hugo-modules/wowchemy v0.0.0-20220319094533-cf9b0c7e9fb5 h1:VNOhNsq7XsYjMAoX6y6VrFHjq8vCKNMSfTVw/ELdvDc=
github.com/wowchemy/wowchemy-hugo-modules/wowchemy v0.0.0-20220319094533-cf9b0c7e9fb5/go.mod h1:H22qfH9qj3FWwsk7+bAZpmT24yRGNQURah2/IRwjbn8=
github.com/wowchemy/wowchemy-hugo-modules/wowchemy-cms v0.0.0-20220319094533-cf9b0c7e9fb5 h1:XkD4FpKWCf2lGO7+7btCG2z9JVxNEgNOF5h1cePHgN4=
github.com/wowchemy/wowchemy-hugo-modules/wowchemy-cms v0.0.0-20220319094533-cf9b0c7e9fb5/go.mod h1:AKpYbqUVlj0VYsc7Jsxe1o8Ko2yV31A5ZPdfpACcXJw=
